
Microsoft Visual Studio Solution File, Format Version 12.00
# Visual Studio 2013
VisualStudioVersion = 12.0.40629.0
MinimumVisualStudioVersion = 10.0.40219.1
Project("{FAE04EC0-301F-11D3-BF4B-00C04F79EFBC}") = "Picton", "Picton\Picton.csproj", "{4B13C2FA-965C-484D-BA29-9DB26A029E99}"
EndProject
Project("{2150E333-8FDC-42A3-9474-1A3956D46DE8}") = "Solution Items", "Solution Items", "{53D250B0-3F11-4CD4-AF30-5F636B405D87}"
	ProjectSection(SolutionItems) = preProject
		appveyor.yml = appveyor.yml
		LICENSE = LICENSE
		README.md = README.md
	EndProjectSection
EndProject
Project("{2150E333-8FDC-42A3-9474-1A3956D46DE8}") = ".nuget", ".nuget", "{F496B962-444D-44BF-B133-21FE94662808}"
	ProjectSection(SolutionItems) = preProject
		.nuget\packages.config = .nuget\packages.config
	EndProjectSection
EndProject
Project("{FAE04EC0-301F-11D3-BF4B-00C04F79EFBC}") = "Picton.UnitTests", "Picton.UnitTests\Picton.UnitTests.csproj", "{D6F6B993-4BBE-42F3-BD4B-1F0414C92E08}"
EndProject
Project("{FAE04EC0-301F-11D3-BF4B-00C04F79EFBC}") = "Picton.IntegrationTests", "Picton.IntegrationTests\Picton.IntegrationTests.csproj", "{8FF04307-399B-4CFA-925E-86C4A05F347E}"
EndProject
Global
	GlobalSection(SolutionConfigurationPlatforms) = preSolution
		Debug|Any CPU = Debug|Any CPU
		Release|Any CPU = Release|Any CPU
	EndGlobalSection
	GlobalSection(ProjectConfigurationPlatforms) = postSolution
		{4B13C2FA-965C-484D-BA29-9DB26A029E99}.Debug|Any CPU.ActiveCfg = Debug|Any CPU
		{4B13C2FA-965C-484D-BA29-9DB26A029E99}.Debug|Any CPU.Build.0 = Debug|Any CPU
		{4B13C2FA-965C-484D-BA29-9DB26A029E99}.Release|Any CPU.ActiveCfg = Release|Any CPU
		{4B13C2FA-965C-484D-BA29-9DB26A029E99}.Release|Any CPU.Build.0 = Release|Any CPU
		{D6F6B993-4BBE-42F3-BD4B-1F0414C92E08}.Debug|Any CPU.ActiveCfg = Debug|Any CPU
		{D6F6B993-4BBE-42F3-BD4B-1F0414C92E08}.Debug|Any CPU.Build.0 = Debug|Any CPU
		{D6F6B993-4BBE-42F3-BD4B-1F0414C92E08}.Release|Any CPU.ActiveCfg = Release|Any CPU
		{D6F6B993-4BBE-42F3-BD4B-1F0414C92E08}.Release|Any CPU.Build.0 = Release|Any CPU
		{8FF04307-399B-4CFA-925E-86C4A05F347E}.Debug|Any CPU.ActiveCfg = Debug|Any CPU
		{8FF04307-399B-4CFA-925E-86C4A05F347E}.Debug|Any CPU.Build.0 = Debug|Any CPU
		{8FF04307-399B-4CFA-925E-86C4A05F347E}.Release|Any CPU.ActiveCfg = Release|Any CPU
		{8FF04307-399B-4CFA-925E-86C4A05F347E}.Release|Any CPU.Build.0 = Release|Any CPU
	EndGlobalSection
	GlobalSection(SolutionProperties) = preSolution
		HideSolutionNode = FALSE
	EndGlobalSection
EndGlobal
