
Microsoft Visual Studio Solution File, Format Version 12.00
# Visual Studio 14
VisualStudioVersion = 14.0.25420.1
MinimumVisualStudioVersion = 10.0.40219.1
Project("{FAE04EC0-301F-11D3-BF4B-00C04F79EFBC}") = "Picton.Messaging", "Picton.Messaging\Picton.Messaging.csproj", "{4B13C2FA-965C-484D-BA29-9DB26A029E99}"
EndProject
Project("{FAE04EC0-301F-11D3-BF4B-00C04F79EFBC}") = "Picton.Messaging.IntegrationTests", "Picton.Messaging.IntegrationTests\Picton.Messaging.IntegrationTests.csproj", "{8FF04307-399B-4CFA-925E-86C4A05F347E}"
EndProject
Project("{FAE04EC0-301F-11D3-BF4B-00C04F79EFBC}") = "Picton.Messaging.UnitTests", "Picton.Messaging.UnitTests\Picton.Messaging.UnitTests.csproj", "{D6F6B993-4BBE-42F3-BD4B-1F0414C92E08}"
EndProject
Project("{2150E333-8FDC-42A3-9474-1A3956D46DE8}") = "Solution Items", "Solution Items", "{53D250B0-3F11-4CD4-AF30-5F636B405D87}"
	ProjectSection(SolutionItems) = preProject
		appveyor.yml = appveyor.yml
		build.cake = build.cake
		README.md = README.md
	EndProjectSection
EndProject
Project("{2150E333-8FDC-42A3-9474-1A3956D46DE8}") = "Source", "Source", "{8C977A6E-1705-41CE-9F5A-0BBE29FB3FB1}"
EndProject
Project("{2150E333-8FDC-42A3-9474-1A3956D46DE8}") = "Tests", "Tests", "{C9E33DEC-BC2E-46D1-9545-5D7A2DF3444A}"
EndProject
Global
	GlobalSection(SolutionConfigurationPlatforms) = preSolution
		Debug|Any CPU = Debug|Any CPU
		Release|Any CPU = Release|Any CPU
	EndGlobalSection
	GlobalSection(ProjectConfigurationPlatforms) = postSolution
		{4B13C2FA-965C-484D-BA29-9DB26A029E99}.Debug|Any CPU.ActiveCfg = Debug|Any CPU
		{4B13C2FA-965C-484D-BA29-9DB26A029E99}.Debug|Any CPU.Build.0 = Debug|Any CPU
		{4B13C2FA-965C-484D-BA29-9DB26A029E99}.Release|Any CPU.ActiveCfg = Release|Any CPU
		{4B13C2FA-965C-484D-BA29-9DB26A029E99}.Release|Any CPU.Build.0 = Release|Any CPU
		{8FF04307-399B-4CFA-925E-86C4A05F347E}.Debug|Any CPU.ActiveCfg = Debug|Any CPU
		{8FF04307-399B-4CFA-925E-86C4A05F347E}.Debug|Any CPU.Build.0 = Debug|Any CPU
		{8FF04307-399B-4CFA-925E-86C4A05F347E}.Release|Any CPU.ActiveCfg = Release|Any CPU
		{8FF04307-399B-4CFA-925E-86C4A05F347E}.Release|Any CPU.Build.0 = Release|Any CPU
		{D6F6B993-4BBE-42F3-BD4B-1F0414C92E08}.Debug|Any CPU.ActiveCfg = Debug|Any CPU
		{D6F6B993-4BBE-42F3-BD4B-1F0414C92E08}.Debug|Any CPU.Build.0 = Debug|Any CPU
		{D6F6B993-4BBE-42F3-BD4B-1F0414C92E08}.Release|Any CPU.ActiveCfg = Release|Any CPU
		{D6F6B993-4BBE-42F3-BD4B-1F0414C92E08}.Release|Any CPU.Build.0 = Release|Any CPU
	EndGlobalSection
	GlobalSection(SolutionProperties) = preSolution
		HideSolutionNode = FALSE
	EndGlobalSection
	GlobalSection(NestedProjects) = preSolution
		{4B13C2FA-965C-484D-BA29-9DB26A029E99} = {8C977A6E-1705-41CE-9F5A-0BBE29FB3FB1}
		{8FF04307-399B-4CFA-925E-86C4A05F347E} = {C9E33DEC-BC2E-46D1-9545-5D7A2DF3444A}
		{D6F6B993-4BBE-42F3-BD4B-1F0414C92E08} = {C9E33DEC-BC2E-46D1-9545-5D7A2DF3444A}
	EndGlobalSection
EndGlobal
