<Solution>
  <Folder Name="/Solution Items/">
    <File Path="../README.md" />
  </Folder>
  <Project Path="Picton.Messaging.IntegrationTests/Picton.Messaging.IntegrationTests.csproj" />
  <Project Path="Picton.Messaging.UnitTests/Picton.Messaging.UnitTests.csproj" />
  <Project Path="Picton.Messaging/Picton.Messaging.csproj" />
</Solution>
