
Microsoft Visual Studio Solution File, Format Version 12.00
# Visual Studio 15
VisualStudioVersion = 15.0.27130.2010
MinimumVisualStudioVersion = 10.0.40219.1
Project("{2150E333-8FDC-42A3-9474-1A3956D46DE8}") = "Solution Items", "Solution Items", "{53D250B0-3F11-4CD4-AF30-5F636B405D87}"
	ProjectSection(SolutionItems) = preProject
		..\appveyor.yml = ..\appveyor.yml
		..\build.cake = ..\build.cake
		..\README.md = ..\README.md
	EndProjectSection
EndProject
Project("{2150E333-8FDC-42A3-9474-1A3956D46DE8}") = "Source", "Source", "{8C977A6E-1705-41CE-9F5A-0BBE29FB3FB1}"
EndProject
Project("{2150E333-8FDC-42A3-9474-1A3956D46DE8}") = "Tests", "Tests", "{C9E33DEC-BC2E-46D1-9545-5D7A2DF3444A}"
EndProject
Project("{9A19103F-16F7-4668-BE54-9A1E7A4F7556}") = "Picton.Messaging", "Picton.Messaging\Picton.Messaging.csproj", "{994163F1-9AA3-4FDF-88FF-9C373237BD9D}"
EndProject
Project("{9A19103F-16F7-4668-BE54-9A1E7A4F7556}") = "Picton.Messaging.IntegrationTests", "Picton.Messaging.IntegrationTests\Picton.Messaging.IntegrationTests.csproj", "{91F0E55A-A1AE-4664-8755-CF0CC256EEAB}"
EndProject
Project("{9A19103F-16F7-4668-BE54-9A1E7A4F7556}") = "Picton.Messaging.UnitTests", "Picton.Messaging.UnitTests\Picton.Messaging.UnitTests.csproj", "{6A83EF99-3356-4E00-9742-8F39554F17FD}"
EndProject
Global
	GlobalSection(SolutionConfigurationPlatforms) = preSolution
		Debug|Any CPU = Debug|Any CPU
		Release|Any CPU = Release|Any CPU
	EndGlobalSection
	GlobalSection(ProjectConfigurationPlatforms) = postSolution
		{994163F1-9AA3-4FDF-88FF-9C373237BD9D}.Debug|Any CPU.ActiveCfg = Debug|Any CPU
		{994163F1-9AA3-4FDF-88FF-9C373237BD9D}.Debug|Any CPU.Build.0 = Debug|Any CPU
		{994163F1-9AA3-4FDF-88FF-9C373237BD9D}.Release|Any CPU.ActiveCfg = Release|Any CPU
		{994163F1-9AA3-4FDF-88FF-9C373237BD9D}.Release|Any CPU.Build.0 = Release|Any CPU
		{91F0E55A-A1AE-4664-8755-CF0CC256EEAB}.Debug|Any CPU.ActiveCfg = Debug|Any CPU
		{91F0E55A-A1AE-4664-8755-CF0CC256EEAB}.Debug|Any CPU.Build.0 = Debug|Any CPU
		{91F0E55A-A1AE-4664-8755-CF0CC256EEAB}.Release|Any CPU.ActiveCfg = Release|Any CPU
		{91F0E55A-A1AE-4664-8755-CF0CC256EEAB}.Release|Any CPU.Build.0 = Release|Any CPU
		{6A83EF99-3356-4E00-9742-8F39554F17FD}.Debug|Any CPU.ActiveCfg = Debug|Any CPU
		{6A83EF99-3356-4E00-9742-8F39554F17FD}.Debug|Any CPU.Build.0 = Debug|Any CPU
		{6A83EF99-3356-4E00-9742-8F39554F17FD}.Release|Any CPU.ActiveCfg = Release|Any CPU
		{6A83EF99-3356-4E00-9742-8F39554F17FD}.Release|Any CPU.Build.0 = Release|Any CPU
	EndGlobalSection
	GlobalSection(SolutionProperties) = preSolution
		HideSolutionNode = FALSE
	EndGlobalSection
	GlobalSection(NestedProjects) = preSolution
		{994163F1-9AA3-4FDF-88FF-9C373237BD9D} = {8C977A6E-1705-41CE-9F5A-0BBE29FB3FB1}
		{91F0E55A-A1AE-4664-8755-CF0CC256EEAB} = {C9E33DEC-BC2E-46D1-9545-5D7A2DF3444A}
		{6A83EF99-3356-4E00-9742-8F39554F17FD} = {C9E33DEC-BC2E-46D1-9545-5D7A2DF3444A}
	EndGlobalSection
	GlobalSection(ExtensibilityGlobals) = postSolution
		SolutionGuid = {F440B727-402D-44B0-8AA8-9B553E4A743D}
	EndGlobalSection
EndGlobal
